{
  "sha": "9598dd28d4b487959bd2f1111e61da9db3ee9ef3",
  "sources": {
    "neo4j": {
      "path": "."
    },
    "newrelic-sysmond": {
      "locked_version": "1.3.2",
      "git": "git://github.com/jtescher/chef-newrelic-sysmond.git",
      "ref": "c3715ec1f14e682f42bd6d72c0e5feb4d3e247bd"
    },
    "apt": {
      "locked_version": "1.9.2"
    },
    "java": {
      "locked_version": "1.10.0",
      "git": "git://github.com/jtescher/opsworks-example-cookbooks.git",
      "ref": "c3e2ed6824c1270841e5c95829419cf2422af26d",
      "rel": "java"
    },
    "windows": {
      "locked_version": "1.10.0"
    },
    "chef_handler": {
      "locked_version": "1.1.4"
    }
  }
}
